{
  "name": "frontend",
  "lockfileVersion": 2,
  "requires": true,
  "packages": {
    "": {
      "name": "frontend",
      "version": "19.2.1"
    }
  },
  "dependencies": {
    "elliptic": {
      "version": "6.6.2",
      "resolved": "https://registry.npmjs.org/elliptic/-/elliptic-6.6.2.tgz",
      "integrity": "sha512-PLACEHOLDER",
      "dev": false
    }
  }
}

